
Microsoft Visual Studio Solution File, Format Version 12.00
# Visual Studio Version 17
VisualStudioVersion = 17.10.34928.147
MinimumVisualStudioVersion = 10.0.40219.1
Project("{2150E333-8FDC-42A3-9474-1A3956D46DE8}") = "Solution Items", "Solution Items", "{8610D2B0-4E2D-427E-A4AA-9BF590E7974F}"
EndProject
Project("{9A19103F-16F7-4668-BE54-9A1E7A4F7556}") = "Mango_Services.Coupon.API", "MangoAPI\src\Mango_Services.Coupon.API.csproj", "{3C0844DF-AA4D-4667-9E27-4F182DB648FE}"
EndProject
Global
	GlobalSection(SolutionConfigurationPlatforms) = preSolution
		Debug|Any CPU = Debug|Any CPU
		Release|Any CPU = Release|Any CPU
	EndGlobalSection
	GlobalSection(ProjectConfigurationPlatforms) = postSolution
		{3C0844DF-AA4D-4667-9E27-4F182DB648FE}.Debug|Any CPU.ActiveCfg = Debug|Any CPU
		{3C0844DF-AA4D-4667-9E27-4F182DB648FE}.Debug|Any CPU.Build.0 = Debug|Any CPU
		{3C0844DF-AA4D-4667-9E27-4F182DB648FE}.Release|Any CPU.ActiveCfg = Release|Any CPU
		{3C0844DF-AA4D-4667-9E27-4F182DB648FE}.Release|Any CPU.Build.0 = Release|Any CPU
	EndGlobalSection
	GlobalSection(SolutionProperties) = preSolution
		HideSolutionNode = FALSE
	EndGlobalSection
	GlobalSection(NestedProjects) = preSolution
		{3C0844DF-AA4D-4667-9E27-4F182DB648FE} = {8610D2B0-4E2D-427E-A4AA-9BF590E7974F}
	EndGlobalSection
	GlobalSection(ExtensibilityGlobals) = postSolution
		SolutionGuid = {A76221C3-DE2A-4AF3-9853-1247BC807CFA}
	EndGlobalSection
EndGlobal
